// !$*UTF8*$!
{
	archiveVersion = 1;
	classes = {
	};
	objectVersion = 46;
	objects = {

/* Begin PBXBuildFile section */
		F1AB98701FA6C2CC00F2FABD /* main.m in Sources */ = {isa = PBXBuildFile; fileRef = F1AB986F1FA6C2CC00F2FABD /* main.m */; };
		F1AB98731FA6C2CC00F2FABD /* AppDelegate.m in Sources */ = {isa = PBXBuildFile; fileRef = F1AB98721FA6C2CC00F2FABD /* AppDelegate.m */; };
		F1AB98761FA6C2CC00F2FABD /* ViewController.m in Sources */ = {isa = PBXBuildFile; fileRef = F1AB98751FA6C2CC00F2FABD /* ViewController.m */; };
		F1AB98791FA6C2CC00F2FABD /* Main.storyboard in Resources */ = {isa = PBXBuildFile; fileRef = F1AB98771FA6C2CC00F2FABD /* Main.storyboard */; };
		F1AB987B1FA6C2CC00F2FABD /* Assets.xcassets in Resources */ = {isa = PBXBuildFile; fileRef = F1AB987A1FA6C2CC00F2FABD /* Assets.xcassets */; };
		F1AB987E1FA6C2CC00F2FABD /* LaunchScreen.storyboard in Resources */ = {isa = PBXBuildFile; fileRef = F1AB987C1FA6C2CC00F2FABD /* LaunchScreen.storyboard */; };
		F1AB98891FA6C2CC00F2FABD /* XBAutoLayoutTests.m in Sources */ = {isa = PBXBuildFile; fileRef = F1AB98881FA6C2CC00F2FABD /* XBAutoLayoutTests.m */; };
		F1AB98941FA6C2CC00F2FABD /* XBAutoLayoutUITests.m in Sources */ = {isa = PBXBuildFile; fileRef = F1AB98931FA6C2CC00F2FABD /* XBAutoLayoutUITests.m */; };
		F1AB98A51FA6C72E00F2FABD /* UIView+XBAutolayout.m in Sources */ = {isa = PBXBuildFile; fileRef = F1AB98A41FA6C72E00F2FABD /* UIView+XBAutolayout.m */; };
/* End PBXBuildFile section */

/* Begin PBXContainerItemProxy section */
		F1AB98851FA6C2CC00F2FABD /* PBXContainerItemProxy */ = {
			isa = PBXContainerItemProxy;
			containerPortal = F1AB98631FA6C2CC00F2FABD /* Project object */;
			proxyType = 1;
			remoteGlobalIDString = F1AB986A1FA6C2CC00F2FABD;
			remoteInfo = XBAutoLayout;
		};
		F1AB98901FA6C2CC00F2FABD /* PBXContainerItemProxy */ = {
			isa = PBXContainerItemProxy;
			containerPortal = F1AB98631FA6C2CC00F2FABD /* Project object */;
			proxyType = 1;
			remoteGlobalIDString = F1AB986A1FA6C2CC00F2FABD;
			remoteInfo = XBAutoLayout;
		};
/* End PBXContainerItemProxy section */

/* Begin PBXFileReference section */
		F1AB986B1FA6C2CC00F2FABD /* XBAutoLayout.app */ = {isa = PBXFileReference; explicitFileType = wrapper.application; includeInIndex = 0; path = XBAutoLayout.app; sourceTree = BUILT_PRODUCTS_DIR; };
		F1AB986F1FA6C2CC00F2FABD /* main.m */ = {isa = PBXFileReference; lastKnownFileType = sourcecode.c.objc; path = main.m; sourceTree = "<group>"; };
		F1AB98711FA6C2CC00F2FABD /* AppDelegate.h */ = {isa = PBXFileReference; lastKnownFileType = sourcecode.c.h; path = AppDelegate.h; sourceTree = "<group>"; };
		F1AB98721FA6C2CC00F2FABD /* AppDelegate.m */ = {isa = PBXFileReference; lastKnownFileType = sourcecode.c.objc; path = AppDelegate.m; sourceTree = "<group>"; };
		F1AB98741FA6C2CC00F2FABD /* ViewController.h */ = {isa = PBXFileReference; lastKnownFileType = sourcecode.c.h; path = ViewController.h; sourceTree = "<group>"; };
		F1AB98751FA6C2CC00F2FABD /* ViewController.m */ = {isa = PBXFileReference; lastKnownFileType = sourcecode.c.objc; path = ViewController.m; sourceTree = "<group>"; };
		F1AB98781FA6C2CC00F2FABD /* Base */ = {isa = PBXFileReference; lastKnownFileType = file.storyboard; name = Base; path = Base.lproj/Main.storyboard; sourceTree = "<group>"; };
		F1AB987A1FA6C2CC00F2FABD /* Assets.xcassets */ = {isa = PBXFileReference; lastKnownFileType = folder.assetcatalog; path = Assets.xcassets; sourceTree = "<group>"; };
		F1AB987D1FA6C2CC00F2FABD /* Base */ = {isa = PBXFileReference; lastKnownFileType = file.storyboard; name = Base; path = Base.lproj/LaunchScreen.storyboard; sourceTree = "<group>"; };
		F1AB987F1FA6C2CC00F2FABD /* Info.plist */ = {isa = PBXFileReference; lastKnownFileType = text.plist.xml; path = Info.plist; sourceTree = "<group>"; };
		F1AB98841FA6C2CC00F2FABD /* XBAutoLayoutTests.xctest */ = {isa = PBXFileReference; explicitFileType = wrapper.cfbundle; includeInIndex = 0; path = XBAutoLayoutTests.xctest; sourceTree = BUILT_PRODUCTS_DIR; };
		F1AB98881FA6C2CC00F2FABD /* XBAutoLayoutTests.m */ = {isa = PBXFileReference; lastKnownFileType = sourcecode.c.objc; path = XBAutoLayoutTests.m; sourceTree = "<group>"; };
		F1AB988A1FA6C2CC00F2FABD /* Info.plist */ = {isa = PBXFileReference; lastKnownFileType = text.plist.xml; path = Info.plist; sourceTree = "<group>"; };
		F1AB988F1FA6C2CC00F2FABD /* XBAutoLayoutUITests.xctest */ = {isa = PBXFileReference; explicitFileType = wrapper.cfbundle; includeInIndex = 0; path = XBAutoLayoutUITests.xctest; sourceTree = BUILT_PRODUCTS_DIR; };
		F1AB98931FA6C2CC00F2FABD /* XBAutoLayoutUITests.m */ = {isa = PBXFileReference; lastKnownFileType = sourcecode.c.objc; path = XBAutoLayoutUITests.m; sourceTree = "<group>"; };
		F1AB98951FA6C2CC00F2FABD /* Info.plist */ = {isa = PBXFileReference; lastKnownFileType = text.plist.xml; path = Info.plist; sourceTree = "<group>"; };
		F1AB98A21FA6C6CC00F2FABD /* XBAutolayout.h */ = {isa = PBXFileReference; lastKnownFileType = sourcecode.c.h; path = XBAutolayout.h; sourceTree = "<group>"; };
		F1AB98A31FA6C72E00F2FABD /* UIView+XBAutolayout.h */ = {isa = PBXFileReference; fileEncoding = 4; lastKnownFileType = sourcecode.c.h; path = "UIView+XBAutolayout.h"; sourceTree = "<group>"; };
		F1AB98A41FA6C72E00F2FABD /* UIView+XBAutolayout.m */ = {isa = PBXFileReference; fileEncoding = 4; lastKnownFileType = sourcecode.c.objc; path = "UIView+XBAutolayout.m"; sourceTree = "<group>"; };
		F1AB98A71FA6FB1800F2FABD /* XBLayoutDefine.h */ = {isa = PBXFileReference; lastKnownFileType = sourcecode.c.h; path = XBLayoutDefine.h; sourceTree = "<group>"; };
/* End PBXFileReference section */

/* Begin PBXFrameworksBuildPhase section */
		F1AB98681FA6C2CC00F2FABD /* Frameworks */ = {
			isa = PBXFrameworksBuildPhase;
			buildActionMask = 2147483647;
			files = (
			);
			runOnlyForDeploymentPostprocessing = 0;
		};
		F1AB98811FA6C2CC00F2FABD /* Frameworks */ = {
			isa = PBXFrameworksBuildPhase;
			buildActionMask = 2147483647;
			files = (
			);
			runOnlyForDeploymentPostprocessing = 0;
		};
		F1AB988C1FA6C2CC00F2FABD /* Frameworks */ = {
			isa = PBXFrameworksBuildPhase;
			buildActionMask = 2147483647;
			files = (
			);
			runOnlyForDeploymentPostprocessing = 0;
		};
/* End PBXFrameworksBuildPhase section */

/* Begin PBXGroup section */
		F1AB98621FA6C2CC00F2FABD = {
			isa = PBXGroup;
			children = (
				F1AB986D1FA6C2CC00F2FABD /* XBAutoLayout */,
				F1AB98871FA6C2CC00F2FABD /* XBAutoLayoutTests */,
				F1AB98921FA6C2CC00F2FABD /* XBAutoLayoutUITests */,
				F1AB986C1FA6C2CC00F2FABD /* Products */,
			);
			sourceTree = "<group>";
		};
		F1AB986C1FA6C2CC00F2FABD /* Products */ = {
			isa = PBXGroup;
			children = (
				F1AB986B1FA6C2CC00F2FABD /* XBAutoLayout.app */,
				F1AB98841FA6C2CC00F2FABD /* XBAutoLayoutTests.xctest */,
				F1AB988F1FA6C2CC00F2FABD /* XBAutoLayoutUITests.xctest */,
			);
			name = Products;
			sourceTree = "<group>";
		};
		F1AB986D1FA6C2CC00F2FABD /* XBAutoLayout */ = {
			isa = PBXGroup;
			children = (
				F1AB98A11FA6C6A700F2FABD /* XBAutolayout */,
				F1AB98711FA6C2CC00F2FABD /* AppDelegate.h */,
				F1AB98721FA6C2CC00F2FABD /* AppDelegate.m */,
				F1AB98741FA6C2CC00F2FABD /* ViewController.h */,
				F1AB98751FA6C2CC00F2FABD /* ViewController.m */,
				F1AB98771FA6C2CC00F2FABD /* Main.storyboard */,
				F1AB987A1FA6C2CC00F2FABD /* Assets.xcassets */,
				F1AB987C1FA6C2CC00F2FABD /* LaunchScreen.storyboard */,
				F1AB987F1FA6C2CC00F2FABD /* Info.plist */,
				F1AB986E1FA6C2CC00F2FABD /* Supporting Files */,
			);
			path = XBAutoLayout;
			sourceTree = "<group>";
		};
		F1AB986E1FA6C2CC00F2FABD /* Supporting Files */ = {
			isa = PBXGroup;
			children = (
				F1AB986F1FA6C2CC00F2FABD /* main.m */,
			);
			name = "Supporting Files";
			sourceTree = "<group>";
		};
		F1AB98871FA6C2CC00F2FABD /* XBAutoLayoutTests */ = {
			isa = PBXGroup;
			children = (
				F1AB98881FA6C2CC00F2FABD /* XBAutoLayoutTests.m */,
				F1AB988A1FA6C2CC00F2FABD /* Info.plist */,
			);
			path = XBAutoLayoutTests;
			sourceTree = "<group>";
		};
		F1AB98921FA6C2CC00F2FABD /* XBAutoLayoutUITests */ = {
			isa = PBXGroup;
			children = (
				F1AB98931FA6C2CC00F2FABD /* XBAutoLayoutUITests.m */,
				F1AB98951FA6C2CC00F2FABD /* Info.plist */,
			);
			path = XBAutoLayoutUITests;
			sourceTree = "<group>";
		};
		F1AB98A11FA6C6A700F2FABD /* XBAutolayout */ = {
			isa = PBXGroup;
			children = (
				F1AB98A21FA6C6CC00F2FABD /* XBAutolayout.h */,
				F1AB98A31FA6C72E00F2FABD /* UIView+XBAutolayout.h */,
				F1AB98A41FA6C72E00F2FABD /* UIView+XBAutolayout.m */,
				F1AB98A71FA6FB1800F2FABD /* XBLayoutDefine.h */,
			);
			path = XBAutolayout;
			sourceTree = "<group>";
		};
/* End PBXGroup section */

/* Begin PBXNativeTarget section */
		F1AB986A1FA6C2CC00F2FABD /* XBAutoLayout */ = {
			isa = PBXNativeTarget;
			buildConfigurationList = F1AB98981FA6C2CC00F2FABD /* Build configuration list for PBXNativeTarget "XBAutoLayout" */;
			buildPhases = (
				F1AB98671FA6C2CC00F2FABD /* Sources */,
				F1AB98681FA6C2CC00F2FABD /* Frameworks */,
				F1AB98691FA6C2CC00F2FABD /* Resources */,
			);
			buildRules = (
			);
			dependencies = (
			);
			name = XBAutoLayout;
			productName = XBAutoLayout;
			productReference = F1AB986B1FA6C2CC00F2FABD /* XBAutoLayout.app */;
			productType = "com.apple.product-type.application";
		};
		F1AB98831FA6C2CC00F2FABD /* XBAutoLayoutTests */ = {
			isa = PBXNativeTarget;
			buildConfigurationList = F1AB989B1FA6C2CC00F2FABD /* Build configuration list for PBXNativeTarget "XBAutoLayoutTests" */;
			buildPhases = (
				F1AB98801FA6C2CC00F2FABD /* Sources */,
				F1AB98811FA6C2CC00F2FABD /* Frameworks */,
				F1AB98821FA6C2CC00F2FABD /* Resources */,
			);
			buildRules = (
			);
			dependencies = (
				F1AB98861FA6C2CC00F2FABD /* PBXTargetDependency */,
			);
			name = XBAutoLayoutTests;
			productName = XBAutoLayoutTests;
			productReference = F1AB98841FA6C2CC00F2FABD /* XBAutoLayoutTests.xctest */;
			productType = "com.apple.product-type.bundle.unit-test";
		};
		F1AB988E1FA6C2CC00F2FABD /* XBAutoLayoutUITests */ = {
			isa = PBXNativeTarget;
			buildConfigurationList = F1AB989E1FA6C2CC00F2FABD /* Build configuration list for PBXNativeTarget "XBAutoLayoutUITests" */;
			buildPhases = (
				F1AB988B1FA6C2CC00F2FABD /* Sources */,
				F1AB988C1FA6C2CC00F2FABD /* Frameworks */,
				F1AB988D1FA6C2CC00F2FABD /* Resources */,
			);
			buildRules = (
			);
			dependencies = (
				F1AB98911FA6C2CC00F2FABD /* PBXTargetDependency */,
			);
			name = XBAutoLayoutUITests;
			productName = XBAutoLayoutUITests;
			productReference = F1AB988F1FA6C2CC00F2FABD /* XBAutoLayoutUITests.xctest */;
			productType = "com.apple.product-type.bundle.ui-testing";
		};
/* End PBXNativeTarget section */

/* Begin PBXProject section */
		F1AB98631FA6C2CC00F2FABD /* Project object */ = {
			isa = PBXProject;
			attributes = {
				LastUpgradeCheck = 0830;
				ORGANIZATIONNAME = xxb;
				TargetAttributes = {
					F1AB986A1FA6C2CC00F2FABD = {
						CreatedOnToolsVersion = 8.3.3;
						DevelopmentTeam = RC2BP8QGY9;
						ProvisioningStyle = Automatic;
					};
					F1AB98831FA6C2CC00F2FABD = {
						CreatedOnToolsVersion = 8.3.3;
						ProvisioningStyle = Automatic;
						TestTargetID = F1AB986A1FA6C2CC00F2FABD;
					};
					F1AB988E1FA6C2CC00F2FABD = {
						CreatedOnToolsVersion = 8.3.3;
						ProvisioningStyle = Automatic;
						TestTargetID = F1AB986A1FA6C2CC00F2FABD;
					};
				};
			};
			buildConfigurationList = F1AB98661FA6C2CC00F2FABD /* Build configuration list for PBXProject "XBAutoLayout" */;
			compatibilityVersion = "Xcode 3.2";
			developmentRegion = English;
			hasScannedForEncodings = 0;
			knownRegions = (
				en,
				Base,
			);
			mainGroup = F1AB98621FA6C2CC00F2FABD;
			productRefGroup = F1AB986C1FA6C2CC00F2FABD /* Products */;
			projectDirPath = "";
			projectRoot = "";
			targets = (
				F1AB986A1FA6C2CC00F2FABD /* XBAutoLayout */,
				F1AB98831FA6C2CC00F2FABD /* XBAutoLayoutTests */,
				F1AB988E1FA6C2CC00F2FABD /* XBAutoLayoutUITests */,
			);
		};
/* End PBXProject section */

/* Begin PBXResourcesBuildPhase section */
		F1AB98691FA6C2CC00F2FABD /* Resources */ = {
			isa = PBXResourcesBuildPhase;
			buildActionMask = 2147483647;
			files = (
				F1AB987E1FA6C2CC00F2FABD /* LaunchScreen.storyboard in Resources */,
				F1AB987B1FA6C2CC00F2FABD /* Assets.xcassets in Resources */,
				F1AB98791FA6C2CC00F2FABD /* Main.storyboard in Resources */,
			);
			runOnlyForDeploymentPostprocessing = 0;
		};
		F1AB98821FA6C2CC00F2FABD /* Resources */ = {
			isa = PBXResourcesBuildPhase;
			buildActionMask = 2147483647;
			files = (
			);
			runOnlyForDeploymentPostprocessing = 0;
		};
		F1AB988D1FA6C2CC00F2FABD /* Resources */ = {
			isa = PBXResourcesBuildPhase;
			buildActionMask = 2147483647;
			files = (
			);
			runOnlyForDeploymentPostprocessing = 0;
		};
/* End PBXResourcesBuildPhase section */

/* Begin PBXSourcesBuildPhase section */
		F1AB98671FA6C2CC00F2FABD /* Sources */ = {
			isa = PBXSourcesBuildPhase;
			buildActionMask = 2147483647;
			files = (
				F1AB98761FA6C2CC00F2FABD /* ViewController.m in Sources */,
				F1AB98A51FA6C72E00F2FABD /* UIView+XBAutolayout.m in Sources */,
				F1AB98731FA6C2CC00F2FABD /* AppDelegate.m in Sources */,
				F1AB98701FA6C2CC00F2FABD /* main.m in Sources */,
			);
			runOnlyForDeploymentPostprocessing = 0;
		};
		F1AB98801FA6C2CC00F2FABD /* Sources */ = {
			isa = PBXSourcesBuildPhase;
			buildActionMask = 2147483647;
			files = (
				F1AB98891FA6C2CC00F2FABD /* XBAutoLayoutTests.m in Sources */,
			);
			runOnlyForDeploymentPostprocessing = 0;
		};
		F1AB988B1FA6C2CC00F2FABD /* Sources */ = {
			isa = PBXSourcesBuildPhase;
			buildActionMask = 2147483647;
			files = (
				F1AB98941FA6C2CC00F2FABD /* XBAutoLayoutUITests.m in Sources */,
			);
			runOnlyForDeploymentPostprocessing = 0;
		};
/* End PBXSourcesBuildPhase section */

/* Begin PBXTargetDependency section */
		F1AB98861FA6C2CC00F2FABD /* PBXTargetDependency */ = {
			isa = PBXTargetDependency;
			target = F1AB986A1FA6C2CC00F2FABD /* XBAutoLayout */;
			targetProxy = F1AB98851FA6C2CC00F2FABD /* PBXContainerItemProxy */;
		};
		F1AB98911FA6C2CC00F2FABD /* PBXTargetDependency */ = {
			isa = PBXTargetDependency;
			target = F1AB986A1FA6C2CC00F2FABD /* XBAutoLayout */;
			targetProxy = F1AB98901FA6C2CC00F2FABD /* PBXContainerItemProxy */;
		};
/* End PBXTargetDependency section */

/* Begin PBXVariantGroup section */
		F1AB98771FA6C2CC00F2FABD /* Main.storyboard */ = {
			isa = PBXVariantGroup;
			children = (
				F1AB98781FA6C2CC00F2FABD /* Base */,
			);
			name = Main.storyboard;
			sourceTree = "<group>";
		};
		F1AB987C1FA6C2CC00F2FABD /* LaunchScreen.storyboard */ = {
			isa = PBXVariantGroup;
			children = (
				F1AB987D1FA6C2CC00F2FABD /* Base */,
			);
			name = LaunchScreen.storyboard;
			sourceTree = "<group>";
		};
/* End PBXVariantGroup section */

/* Begin XCBuildConfiguration section */
		F1AB98961FA6C2CC00F2FABD /* Debug */ = {
			isa = XCBuildConfiguration;
			buildSettings = {
				ALWAYS_SEARCH_USER_PATHS = NO;
				CLANG_ANALYZER_NONNULL = YES;
				CLANG_ANALYZER_NUMBER_OBJECT_CONVERSION = YES_AGGRESSIVE;
				CLANG_CXX_LANGUAGE_STANDARD = "gnu++0x";
				CLANG_CXX_LIBRARY = "libc++";
				CLANG_ENABLE_MODULES = YES;
				CLANG_ENABLE_OBJC_ARC = YES;
				CLANG_WARN_BOOL_CONVERSION = YES;
				CLANG_WARN_CONSTANT_CONVERSION = YES;
				CLANG_WARN_DIRECT_OBJC_ISA_USAGE = YES_ERROR;
				CLANG_WARN_DOCUMENTATION_COMMENTS = YES;
				CLANG_WARN_EMPTY_BODY = YES;
				CLANG_WARN_ENUM_CONVERSION = YES;
				CLANG_WARN_INFINITE_RECURSION = YES;
				CLANG_WARN_INT_CONVERSION = YES;
				CLANG_WARN_OBJC_ROOT_CLASS = YES_ERROR;
				CLANG_WARN_SUSPICIOUS_MOVE = YES;
				CLANG_WARN_UNREACHABLE_CODE = YES;
				CLANG_WARN__DUPLICATE_METHOD_MATCH = YES;
				"CODE_SIGN_IDENTITY[sdk=iphoneos*]" = "iPhone Developer";
				COPY_PHASE_STRIP = NO;
				DEBUG_INFORMATION_FORMAT = dwarf;
				ENABLE_STRICT_OBJC_MSGSEND = YES;
				ENABLE_TESTABILITY = YES;
				GCC_C_LANGUAGE_STANDARD = gnu99;
				GCC_DYNAMIC_NO_PIC = NO;
				GCC_NO_COMMON_BLOCKS = YES;
				GCC_OPTIMIZATION_LEVEL = 0;
				GCC_PREPROCESSOR_DEFINITIONS = (
					"DEBUG=1",
					"$(inherited)",
				);
				GCC_WARN_64_TO_32_BIT_CONVERSION = YES;
				GCC_WARN_ABOUT_RETURN_TYPE = YES_ERROR;
				GCC_WARN_UNDECLARED_SELECTOR = YES;
				GCC_WARN_UNINITIALIZED_AUTOS = YES_AGGRESSIVE;
				GCC_WARN_UNUSED_FUNCTION = YES;
				GCC_WARN_UNUSED_VARIABLE = YES;
				IPHONEOS_DEPLOYMENT_TARGET = 10.3;
				MTL_ENABLE_DEBUG_INFO = YES;
				ONLY_ACTIVE_ARCH = YES;
				SDKROOT = iphoneos;
				TARGETED_DEVICE_FAMILY = "1,2";
			};
			name = Debug;
		};
		F1AB98971FA6C2CC00F2FABD /* Release */ = {
			isa = XCBuildConfiguration;
			buildSettings = {
				ALWAYS_SEARCH_USER_PATHS = NO;
				CLANG_ANALYZER_NONNULL = YES;
				CLANG_ANALYZER_NUMBER_OBJECT_CONVERSION = YES_AGGRESSIVE;
				CLANG_CXX_LANGUAGE_STANDARD = "gnu++0x";
				CLANG_CXX_LIBRARY = "libc++";
				CLANG_ENABLE_MODULES = YES;
				CLANG_ENABLE_OBJC_ARC = YES;
				CLANG_WARN_BOOL_CONVERSION = YES;
				CLANG_WARN_CONSTANT_CONVERSION = YES;
				CLANG_WARN_DIRECT_OBJC_ISA_USAGE = YES_ERROR;
				CLANG_WARN_DOCUMENTATION_COMMENTS = YES;
				CLANG_WARN_EMPTY_BODY = YES;
				CLANG_WARN_ENUM_CONVERSION = YES;
				CLANG_WARN_INFINITE_RECURSION = YES;
				CLANG_WARN_INT_CONVERSION = YES;
				CLANG_WARN_OBJC_ROOT_CLASS = YES_ERROR;
				CLANG_WARN_SUSPICIOUS_MOVE = YES;
				CLANG_WARN_UNREACHABLE_CODE = YES;
				CLANG_WARN__DUPLICATE_METHOD_MATCH = YES;
				"CODE_SIGN_IDENTITY[sdk=iphoneos*]" = "iPhone Developer";
				COPY_PHASE_STRIP = NO;
				DEBUG_INFORMATION_FORMAT = "dwarf-with-dsym";
				ENABLE_NS_ASSERTIONS = NO;
				ENABLE_STRICT_OBJC_MSGSEND = YES;
				GCC_C_LANGUAGE_STANDARD = gnu99;
				GCC_NO_COMMON_BLOCKS = YES;
				GCC_WARN_64_TO_32_BIT_CONVERSION = YES;
				GCC_WARN_ABOUT_RETURN_TYPE = YES_ERROR;
				GCC_WARN_UNDECLARED_SELECTOR = YES;
				GCC_WARN_UNINITIALIZED_AUTOS = YES_AGGRESSIVE;
				GCC_WARN_UNUSED_FUNCTION = YES;
				GCC_WARN_UNUSED_VARIABLE = YES;
				IPHONEOS_DEPLOYMENT_TARGET = 10.3;
				MTL_ENABLE_DEBUG_INFO = NO;
				SDKROOT = iphoneos;
				TARGETED_DEVICE_FAMILY = "1,2";
				VALIDATE_PRODUCT = YES;
			};
			name = Release;
		};
		F1AB98991FA6C2CC00F2FABD /* Debug */ = {
			isa = XCBuildConfiguration;
			buildSettings = {
				ASSETCATALOG_COMPILER_APPICON_NAME = AppIcon;
				DEVELOPMENT_TEAM = RC2BP8QGY9;
				INFOPLIST_FILE = XBAutoLayout/Info.plist;
				LD_RUNPATH_SEARCH_PATHS = "$(inherited) @executable_path/Frameworks";
				PRODUCT_BUNDLE_IDENTIFIER = com.company.XBAutoLayout;
				PRODUCT_NAME = "$(TARGET_NAME)";
			};
			name = Debug;
		};
		F1AB989A1FA6C2CC00F2FABD /* Release */ = {
			isa = XCBuildConfiguration;
			buildSettings = {
				ASSETCATALOG_COMPILER_APPICON_NAME = AppIcon;
				DEVELOPMENT_TEAM = RC2BP8QGY9;
				INFOPLIST_FILE = XBAutoLayout/Info.plist;
				LD_RUNPATH_SEARCH_PATHS = "$(inherited) @executable_path/Frameworks";
				PRODUCT_BUNDLE_IDENTIFIER = com.company.XBAutoLayout;
				PRODUCT_NAME = "$(TARGET_NAME)";
			};
			name = Release;
		};
		F1AB989C1FA6C2CC00F2FABD /* Debug */ = {
			isa = XCBuildConfiguration;
			buildSettings = {
				BUNDLE_LOADER = "$(TEST_HOST)";
				INFOPLIST_FILE = XBAutoLayoutTests/Info.plist;
				LD_RUNPATH_SEARCH_PATHS = "$(inherited) @executable_path/Frameworks @loader_path/Frameworks";
				PRODUCT_BUNDLE_IDENTIFIER = com.company.XBAutoLayoutTests;
				PRODUCT_NAME = "$(TARGET_NAME)";
				TEST_HOST = "$(BUILT_PRODUCTS_DIR)/XBAutoLayout.app/XBAutoLayout";
			};
			name = Debug;
		};
		F1AB989D1FA6C2CC00F2FABD /* Release */ = {
			isa = XCBuildConfiguration;
			buildSettings = {
				BUNDLE_LOADER = "$(TEST_HOST)";
				INFOPLIST_FILE = XBAutoLayoutTests/Info.plist;
				LD_RUNPATH_SEARCH_PATHS = "$(inherited) @executable_path/Frameworks @loader_path/Frameworks";
				PRODUCT_BUNDLE_IDENTIFIER = com.company.XBAutoLayoutTests;
				PRODUCT_NAME = "$(TARGET_NAME)";
				TEST_HOST = "$(BUILT_PRODUCTS_DIR)/XBAutoLayout.app/XBAutoLayout";
			};
			name = Release;
		};
		F1AB989F1FA6C2CC00F2FABD /* Debug */ = {
			isa = XCBuildConfiguration;
			buildSettings = {
				INFOPLIST_FILE = XBAutoLayoutUITests/Info.plist;
				LD_RUNPATH_SEARCH_PATHS = "$(inherited) @executable_path/Frameworks @loader_path/Frameworks";
				PRODUCT_BUNDLE_IDENTIFIER = com.company.XBAutoLayoutUITests;
				PRODUCT_NAME = "$(TARGET_NAME)";
				TEST_TARGET_NAME = XBAutoLayout;
			};
			name = Debug;
		};
		F1AB98A01FA6C2CC00F2FABD /* Release */ = {
			isa = XCBuildConfiguration;
			buildSettings = {
				INFOPLIST_FILE = XBAutoLayoutUITests/Info.plist;
				LD_RUNPATH_SEARCH_PATHS = "$(inherited) @executable_path/Frameworks @loader_path/Frameworks";
				PRODUCT_BUNDLE_IDENTIFIER = com.company.XBAutoLayoutUITests;
				PRODUCT_NAME = "$(TARGET_NAME)";
				TEST_TARGET_NAME = XBAutoLayout;
			};
			name = Release;
		};
/* End XCBuildConfiguration section */

/* Begin XCConfigurationList section */
		F1AB98661FA6C2CC00F2FABD /* Build configuration list for PBXProject "XBAutoLayout" */ = {
			isa = XCConfigurationList;
			buildConfigurations = (
				F1AB98961FA6C2CC00F2FABD /* Debug */,
				F1AB98971FA6C2CC00F2FABD /* Release */,
			);
			defaultConfigurationIsVisible = 0;
			defaultConfigurationName = Release;
		};
		F1AB98981FA6C2CC00F2FABD /* Build configuration list for PBXNativeTarget "XBAutoLayout" */ = {
			isa = XCConfigurationList;
			buildConfigurations = (
				F1AB98991FA6C2CC00F2FABD /* Debug */,
				F1AB989A1FA6C2CC00F2FABD /* Release */,
			);
			defaultConfigurationIsVisible = 0;
			defaultConfigurationName = Release;
		};
		F1AB989B1FA6C2CC00F2FABD /* Build configuration list for PBXNativeTarget "XBAutoLayoutTests" */ = {
			isa = XCConfigurationList;
			buildConfigurations = (
				F1AB989C1FA6C2CC00F2FABD /* Debug */,
				F1AB989D1FA6C2CC00F2FABD /* Release */,
			);
			defaultConfigurationIsVisible = 0;
			defaultConfigurationName = Release;
		};
		F1AB989E1FA6C2CC00F2FABD /* Build configuration list for PBXNativeTarget "XBAutoLayoutUITests" */ = {
			isa = XCConfigurationList;
			buildConfigurations = (
				F1AB989F1FA6C2CC00F2FABD /* Debug */,
				F1AB98A01FA6C2CC00F2FABD /* Release */,
			);
			defaultConfigurationIsVisible = 0;
			defaultConfigurationName = Release;
		};
/* End XCConfigurationList section */
	};
	rootObject = F1AB98631FA6C2CC00F2FABD /* Project object */;
}
